// !$*UTF8*$!
{
	archiveVersion = 1;
	classes = {
	};
	objectVersion = 50;
	objects = {

/* Begin PBXBuildFile section */
		3603F45624C6683E00371642 /* GridLayout.swift in Sources */ = {isa = PBXBuildFile; fileRef = 3603F45524C6683E00371642 /* GridLayout.swift */; };
		364F85BC24C7CEA900C27DB2 /* Grid.swift in Sources */ = {isa = PBXBuildFile; fileRef = 364F85BB24C7CEA900C27DB2 /* Grid.swift */; };
		364FD2BE24B27A7000354876 /* MemoryGame.swift in Sources */ = {isa = PBXBuildFile; fileRef = 364FD2BD24B27A7000354876 /* MemoryGame.swift */; };
		364FD2C024B27C0C00354876 /* EmojiMemoryGame.swift in Sources */ = {isa = PBXBuildFile; fileRef = 364FD2BF24B27C0C00354876 /* EmojiMemoryGame.swift */; };
		36A51D1B24D63ACC007850CE /* Array+Identifiable.swift in Sources */ = {isa = PBXBuildFile; fileRef = 36A51D1A24D63ACC007850CE /* Array+Identifiable.swift */; };
		36DC079624AABFD400386C5D /* AppDelegate.swift in Sources */ = {isa = PBXBuildFile; fileRef = 36DC079524AABFD400386C5D /* AppDelegate.swift */; };
		36DC079824AABFD400386C5D /* SceneDelegate.swift in Sources */ = {isa = PBXBuildFile; fileRef = 36DC079724AABFD400386C5D /* SceneDelegate.swift */; };
		36DC079A24AABFD400386C5D /* EmojiMemoryGameView.swift in Sources */ = {isa = PBXBuildFile; fileRef = 36DC079924AABFD400386C5D /* EmojiMemoryGameView.swift */; };
		36DC079C24AABFD800386C5D /* Assets.xcassets in Resources */ = {isa = PBXBuildFile; fileRef = 36DC079B24AABFD800386C5D /* Assets.xcassets */; };
		36DC079F24AABFD800386C5D /* Preview Assets.xcassets in Resources */ = {isa = PBXBuildFile; fileRef = 36DC079E24AABFD800386C5D /* Preview Assets.xcassets */; };
		36DC07A224AABFD800386C5D /* LaunchScreen.storyboard in Resources */ = {isa = PBXBuildFile; fileRef = 36DC07A024AABFD800386C5D /* LaunchScreen.storyboard */; };
/* End PBXBuildFile section */

/* Begin PBXFileReference section */
		3603F45524C6683E00371642 /* GridLayout.swift */ = {isa = PBXFileReference; lastKnownFileType = sourcecode.swift; path = GridLayout.swift; sourceTree = "<group>"; };
		364F85BB24C7CEA900C27DB2 /* Grid.swift */ = {isa = PBXFileReference; lastKnownFileType = sourcecode.swift; path = Grid.swift; sourceTree = "<group>"; };
		364FD2BD24B27A7000354876 /* MemoryGame.swift */ = {isa = PBXFileReference; lastKnownFileType = sourcecode.swift; path = MemoryGame.swift; sourceTree = "<group>"; };
		364FD2BF24B27C0C00354876 /* EmojiMemoryGame.swift */ = {isa = PBXFileReference; lastKnownFileType = sourcecode.swift; path = EmojiMemoryGame.swift; sourceTree = "<group>"; };
		36A51D1A24D63ACC007850CE /* Array+Identifiable.swift */ = {isa = PBXFileReference; lastKnownFileType = sourcecode.swift; path = "Array+Identifiable.swift"; sourceTree = "<group>"; };
		36DC079224AABFD400386C5D /* memorize.app */ = {isa = PBXFileReference; explicitFileType = wrapper.application; includeInIndex = 0; path = memorize.app; sourceTree = BUILT_PRODUCTS_DIR; };
		36DC079524AABFD400386C5D /* AppDelegate.swift */ = {isa = PBXFileReference; lastKnownFileType = sourcecode.swift; path = AppDelegate.swift; sourceTree = "<group>"; };
		36DC079724AABFD400386C5D /* SceneDelegate.swift */ = {isa = PBXFileReference; lastKnownFileType = sourcecode.swift; path = SceneDelegate.swift; sourceTree = "<group>"; };
		36DC079924AABFD400386C5D /* EmojiMemoryGameView.swift */ = {isa = PBXFileReference; lastKnownFileType = sourcecode.swift; path = EmojiMemoryGameView.swift; sourceTree = "<group>"; };
		36DC079B24AABFD800386C5D /* Assets.xcassets */ = {isa = PBXFileReference; lastKnownFileType = folder.assetcatalog; path = Assets.xcassets; sourceTree = "<group>"; };
		36DC079E24AABFD800386C5D /* Preview Assets.xcassets */ = {isa = PBXFileReference; lastKnownFileType = folder.assetcatalog; path = "Preview Assets.xcassets"; sourceTree = "<group>"; };
		36DC07A124AABFD800386C5D /* Base */ = {isa = PBXFileReference; lastKnownFileType = file.storyboard; name = Base; path = Base.lproj/LaunchScreen.storyboard; sourceTree = "<group>"; };
		36DC07A324AABFD800386C5D /* Info.plist */ = {isa = PBXFileReference; lastKnownFileType = text.plist.xml; path = Info.plist; sourceTree = "<group>"; };
/* End PBXFileReference section */

/* Begin PBXFrameworksBuildPhase section */
		36DC078F24AABFD400386C5D /* Frameworks */ = {
			isa = PBXFrameworksBuildPhase;
			buildActionMask = 2147483647;
			files = (
			);
			runOnlyForDeploymentPostprocessing = 0;
		};
/* End PBXFrameworksBuildPhase section */

/* Begin PBXGroup section */
		3603F45324C667EA00371642 /* View */ = {
			isa = PBXGroup;
			children = (
				36DC079924AABFD400386C5D /* EmojiMemoryGameView.swift */,
			);
			path = View;
			sourceTree = "<group>";
		};
		3603F45424C6680800371642 /* Model */ = {
			isa = PBXGroup;
			children = (
				364FD2BF24B27C0C00354876 /* EmojiMemoryGame.swift */,
				364FD2BD24B27A7000354876 /* MemoryGame.swift */,
			);
			path = Model;
			sourceTree = "<group>";
		};
		3603F45724C6684400371642 /* View-Model */ = {
			isa = PBXGroup;
			children = (
				364F85BB24C7CEA900C27DB2 /* Grid.swift */,
				3603F45524C6683E00371642 /* GridLayout.swift */,
				36A51D1A24D63ACC007850CE /* Array+Identifiable.swift */,
			);
			path = "View-Model";
			sourceTree = "<group>";
		};
		36DC078924AABFD400386C5D = {
			isa = PBXGroup;
			children = (
				36DC079424AABFD400386C5D /* memorize */,
				36DC079324AABFD400386C5D /* Products */,
			);
			sourceTree = "<group>";
		};
		36DC079324AABFD400386C5D /* Products */ = {
			isa = PBXGroup;
			children = (
				36DC079224AABFD400386C5D /* memorize.app */,
			);
			name = Products;
			sourceTree = "<group>";
		};
		36DC079424AABFD400386C5D /* memorize */ = {
			isa = PBXGroup;
			children = (
				36DC079524AABFD400386C5D /* AppDelegate.swift */,
				36DC079724AABFD400386C5D /* SceneDelegate.swift */,
				3603F45324C667EA00371642 /* View */,
				3603F45424C6680800371642 /* Model */,
				3603F45724C6684400371642 /* View-Model */,
				36DC079B24AABFD800386C5D /* Assets.xcassets */,
				36DC07A024AABFD800386C5D /* LaunchScreen.storyboard */,
				36DC07A324AABFD800386C5D /* Info.plist */,
				36DC079D24AABFD800386C5D /* Preview Content */,
			);
			path = memorize;
			sourceTree = "<group>";
		};
		36DC079D24AABFD800386C5D /* Preview Content */ = {
			isa = PBXGroup;
			children = (
				36DC079E24AABFD800386C5D /* Preview Assets.xcassets */,
			);
			path = "Preview Content";
			sourceTree = "<group>";
		};
/* End PBXGroup section */

/* Begin PBXNativeTarget section */
		36DC079124AABFD400386C5D /* memorize */ = {
			isa = PBXNativeTarget;
			buildConfigurationList = 36DC07A624AABFD800386C5D /* Build configuration list for PBXNativeTarget "memorize" */;
			buildPhases = (
				36DC078E24AABFD400386C5D /* Sources */,
				36DC078F24AABFD400386C5D /* Frameworks */,
				36DC079024AABFD400386C5D /* Resources */,
			);
			buildRules = (
			);
			dependencies = (
			);
			name = memorize;
			productName = memorize;
			productReference = 36DC079224AABFD400386C5D /* memorize.app */;
			productType = "com.apple.product-type.application";
		};
/* End PBXNativeTarget section */

/* Begin PBXProject section */
		36DC078A24AABFD400386C5D /* Project object */ = {
			isa = PBXProject;
			attributes = {
				LastSwiftUpdateCheck = 1150;
				LastUpgradeCheck = 1150;
				ORGANIZATIONNAME = "Ana Thayna Franca";
				TargetAttributes = {
					36DC079124AABFD400386C5D = {
						CreatedOnToolsVersion = 11.5;
					};
				};
			};
			buildConfigurationList = 36DC078D24AABFD400386C5D /* Build configuration list for PBXProject "memorize" */;
			compatibilityVersion = "Xcode 9.3";
			developmentRegion = en;
			hasScannedForEncodings = 0;
			knownRegions = (
				en,
				Base,
			);
			mainGroup = 36DC078924AABFD400386C5D;
			productRefGroup = 36DC079324AABFD400386C5D /* Products */;
			projectDirPath = "";
			projectRoot = "";
			targets = (
				36DC079124AABFD400386C5D /* memorize */,
			);
		};
/* End PBXProject section */

/* Begin PBXResourcesBuildPhase section */
		36DC079024AABFD400386C5D /* Resources */ = {
			isa = PBXResourcesBuildPhase;
			buildActionMask = 2147483647;
			files = (
				36DC07A224AABFD800386C5D /* LaunchScreen.storyboard in Resources */,
				36DC079F24AABFD800386C5D /* Preview Assets.xcassets in Resources */,
				36DC079C24AABFD800386C5D /* Assets.xcassets in Resources */,
			);
			runOnlyForDeploymentPostprocessing = 0;
		};
/* End PBXResourcesBuildPhase section */

/* Begin PBXSourcesBuildPhase section */
		36DC078E24AABFD400386C5D /* Sources */ = {
			isa = PBXSourcesBuildPhase;
			buildActionMask = 2147483647;
			files = (
				36DC079624AABFD400386C5D /* AppDelegate.swift in Sources */,
				36DC079824AABFD400386C5D /* SceneDelegate.swift in Sources */,
				364FD2BE24B27A7000354876 /* MemoryGame.swift in Sources */,
				3603F45624C6683E00371642 /* GridLayout.swift in Sources */,
				36DC079A24AABFD400386C5D /* EmojiMemoryGameView.swift in Sources */,
				36A51D1B24D63ACC007850CE /* Array+Identifiable.swift in Sources */,
				364F85BC24C7CEA900C27DB2 /* Grid.swift in Sources */,
				364FD2C024B27C0C00354876 /* EmojiMemoryGame.swift in Sources */,
			);
			runOnlyForDeploymentPostprocessing = 0;
		};
/* End PBXSourcesBuildPhase section */

/* Begin PBXVariantGroup section */
		36DC07A024AABFD800386C5D /* LaunchScreen.storyboard */ = {
			isa = PBXVariantGroup;
			children = (
				36DC07A124AABFD800386C5D /* Base */,
			);
			name = LaunchScreen.storyboard;
			sourceTree = "<group>";
		};
/* End PBXVariantGroup section */

/* Begin XCBuildConfiguration section */
		36DC07A424AABFD800386C5D /* Debug */ = {
			isa = XCBuildConfiguration;
			buildSettings = {
				ALWAYS_SEARCH_USER_PATHS = NO;
				CLANG_ANALYZER_NONNULL = YES;
				CLANG_ANALYZER_NUMBER_OBJECT_CONVERSION = YES_AGGRESSIVE;
				CLANG_CXX_LANGUAGE_STANDARD = "gnu++14";
				CLANG_CXX_LIBRARY = "libc++";
				CLANG_ENABLE_MODULES = YES;
				CLANG_ENABLE_OBJC_ARC = YES;
				CLANG_ENABLE_OBJC_WEAK = YES;
				CLANG_WARN_BLOCK_CAPTURE_AUTORELEASING = YES;
				CLANG_WARN_BOOL_CONVERSION = YES;
				CLANG_WARN_COMMA = YES;
				CLANG_WARN_CONSTANT_CONVERSION = YES;
				CLANG_WARN_DEPRECATED_OBJC_IMPLEMENTATIONS = YES;
				CLANG_WARN_DIRECT_OBJC_ISA_USAGE = YES_ERROR;
				CLANG_WARN_DOCUMENTATION_COMMENTS = YES;
				CLANG_WARN_EMPTY_BODY = YES;
				CLANG_WARN_ENUM_CONVERSION = YES;
				CLANG_WARN_INFINITE_RECURSION = YES;
				CLANG_WARN_INT_CONVERSION = YES;
				CLANG_WARN_NON_LITERAL_NULL_CONVERSION = YES;
				CLANG_WARN_OBJC_IMPLICIT_RETAIN_SELF = YES;
				CLANG_WARN_OBJC_LITERAL_CONVERSION = YES;
				CLANG_WARN_OBJC_ROOT_CLASS = YES_ERROR;
				CLANG_WARN_RANGE_LOOP_ANALYSIS = YES;
				CLANG_WARN_STRICT_PROTOTYPES = YES;
				CLANG_WARN_SUSPICIOUS_MOVE = YES;
				CLANG_WARN_UNGUARDED_AVAILABILITY = YES_AGGRESSIVE;
				CLANG_WARN_UNREACHABLE_CODE = YES;
				CLANG_WARN__DUPLICATE_METHOD_MATCH = YES;
				COPY_PHASE_STRIP = NO;
				DEBUG_INFORMATION_FORMAT = dwarf;
				ENABLE_STRICT_OBJC_MSGSEND = YES;
				ENABLE_TESTABILITY = YES;
				GCC_C_LANGUAGE_STANDARD = gnu11;
				GCC_DYNAMIC_NO_PIC = NO;
				GCC_NO_COMMON_BLOCKS = YES;
				GCC_OPTIMIZATION_LEVEL = 0;
				GCC_PREPROCESSOR_DEFINITIONS = (
					"DEBUG=1",
					"$(inherited)",
				);
				GCC_WARN_64_TO_32_BIT_CONVERSION = YES;
				GCC_WARN_ABOUT_RETURN_TYPE = YES_ERROR;
				GCC_WARN_UNDECLARED_SELECTOR = YES;
				GCC_WARN_UNINITIALIZED_AUTOS = YES_AGGRESSIVE;
				GCC_WARN_UNUSED_FUNCTION = YES;
				GCC_WARN_UNUSED_VARIABLE = YES;
				IPHONEOS_DEPLOYMENT_TARGET = 13.5;
				MTL_ENABLE_DEBUG_INFO = INCLUDE_SOURCE;
				MTL_FAST_MATH = YES;
				ONLY_ACTIVE_ARCH = YES;
				SDKROOT = iphoneos;
				SWIFT_ACTIVE_COMPILATION_CONDITIONS = DEBUG;
				SWIFT_OPTIMIZATION_LEVEL = "-Onone";
			};
			name = Debug;
		};
		36DC07A524AABFD800386C5D /* Release */ = {
			isa = XCBuildConfiguration;
			buildSettings = {
				ALWAYS_SEARCH_USER_PATHS = NO;
				CLANG_ANALYZER_NONNULL = YES;
				CLANG_ANALYZER_NUMBER_OBJECT_CONVERSION = YES_AGGRESSIVE;
				CLANG_CXX_LANGUAGE_STANDARD = "gnu++14";
				CLANG_CXX_LIBRARY = "libc++";
				CLANG_ENABLE_MODULES = YES;
				CLANG_ENABLE_OBJC_ARC = YES;
				CLANG_ENABLE_OBJC_WEAK = YES;
				CLANG_WARN_BLOCK_CAPTURE_AUTORELEASING = YES;
				CLANG_WARN_BOOL_CONVERSION = YES;
				CLANG_WARN_COMMA = YES;
				CLANG_WARN_CONSTANT_CONVERSION = YES;
				CLANG_WARN_DEPRECATED_OBJC_IMPLEMENTATIONS = YES;
				CLANG_WARN_DIRECT_OBJC_ISA_USAGE = YES_ERROR;
				CLANG_WARN_DOCUMENTATION_COMMENTS = YES;
				CLANG_WARN_EMPTY_BODY = YES;
				CLANG_WARN_ENUM_CONVERSION = YES;
				CLANG_WARN_INFINITE_RECURSION = YES;
				CLANG_WARN_INT_CONVERSION = YES;
				CLANG_WARN_NON_LITERAL_NULL_CONVERSION = YES;
				CLANG_WARN_OBJC_IMPLICIT_RETAIN_SELF = YES;
				CLANG_WARN_OBJC_LITERAL_CONVERSION = YES;
				CLANG_WARN_OBJC_ROOT_CLASS = YES_ERROR;
				CLANG_WARN_RANGE_LOOP_ANALYSIS = YES;
				CLANG_WARN_STRICT_PROTOTYPES = YES;
				CLANG_WARN_SUSPICIOUS_MOVE = YES;
				CLANG_WARN_UNGUARDED_AVAILABILITY = YES_AGGRESSIVE;
				CLANG_WARN_UNREACHABLE_CODE = YES;
				CLANG_WARN__DUPLICATE_METHOD_MATCH = YES;
				COPY_PHASE_STRIP = NO;
				DEBUG_INFORMATION_FORMAT = "dwarf-with-dsym";
				ENABLE_NS_ASSERTIONS = NO;
				ENABLE_STRICT_OBJC_MSGSEND = YES;
				GCC_C_LANGUAGE_STANDARD = gnu11;
				GCC_NO_COMMON_BLOCKS = YES;
				GCC_WARN_64_TO_32_BIT_CONVERSION = YES;
				GCC_WARN_ABOUT_RETURN_TYPE = YES_ERROR;
				GCC_WARN_UNDECLARED_SELECTOR = YES;
				GCC_WARN_UNINITIALIZED_AUTOS = YES_AGGRESSIVE;
				GCC_WARN_UNUSED_FUNCTION = YES;
				GCC_WARN_UNUSED_VARIABLE = YES;
				IPHONEOS_DEPLOYMENT_TARGET = 13.5;
				MTL_ENABLE_DEBUG_INFO = NO;
				MTL_FAST_MATH = YES;
				SDKROOT = iphoneos;
				SWIFT_COMPILATION_MODE = wholemodule;
				SWIFT_OPTIMIZATION_LEVEL = "-O";
				VALIDATE_PRODUCT = YES;
			};
			name = Release;
		};
		36DC07A724AABFD800386C5D /* Debug */ = {
			isa = XCBuildConfiguration;
			buildSettings = {
				ASSETCATALOG_COMPILER_APPICON_NAME = AppIcon;
				CODE_SIGN_STYLE = Automatic;
				DEVELOPMENT_ASSET_PATHS = "\"memorize/Preview Content\"";
				ENABLE_PREVIEWS = YES;
				INFOPLIST_FILE = memorize/Info.plist;
				LD_RUNPATH_SEARCH_PATHS = (
					"$(inherited)",
					"@executable_path/Frameworks",
				);
				PRODUCT_BUNDLE_IDENTIFIER = com.anathayna.memorize;
				PRODUCT_NAME = "$(TARGET_NAME)";
				SWIFT_VERSION = 5.0;
				TARGETED_DEVICE_FAMILY = "1,2";
			};
			name = Debug;
		};
		36DC07A824AABFD800386C5D /* Release */ = {
			isa = XCBuildConfiguration;
			buildSettings = {
				ASSETCATALOG_COMPILER_APPICON_NAME = AppIcon;
				CODE_SIGN_STYLE = Automatic;
				DEVELOPMENT_ASSET_PATHS = "\"memorize/Preview Content\"";
				ENABLE_PREVIEWS = YES;
				INFOPLIST_FILE = memorize/Info.plist;
				LD_RUNPATH_SEARCH_PATHS = (
					"$(inherited)",
					"@executable_path/Frameworks",
				);
				PRODUCT_BUNDLE_IDENTIFIER = com.anathayna.memorize;
				PRODUCT_NAME = "$(TARGET_NAME)";
				SWIFT_VERSION = 5.0;
				TARGETED_DEVICE_FAMILY = "1,2";
			};
			name = Release;
		};
/* End XCBuildConfiguration section */

/* Begin XCConfigurationList section */
		36DC078D24AABFD400386C5D /* Build configuration list for PBXProject "memorize" */ = {
			isa = XCConfigurationList;
			buildConfigurations = (
				36DC07A424AABFD800386C5D /* Debug */,
				36DC07A524AABFD800386C5D /* Release */,
			);
			defaultConfigurationIsVisible = 0;
			defaultConfigurationName = Release;
		};
		36DC07A624AABFD800386C5D /* Build configuration list for PBXNativeTarget "memorize" */ = {
			isa = XCConfigurationList;
			buildConfigurations = (
				36DC07A724AABFD800386C5D /* Debug */,
				36DC07A824AABFD800386C5D /* Release */,
			);
			defaultConfigurationIsVisible = 0;
			defaultConfigurationName = Release;
		};
/* End XCConfigurationList section */
	};
	rootObject = 36DC078A24AABFD400386C5D /* Project object */;
}
